
Microsoft Visual Studio Solution File, Format Version 12.00
# Visual Studio 2012
Project("{FAE04EC0-301F-11D3-BF4B-00C04F79EFBC}") = "1.3 Godtycklig lönerevision", "1.3 Godtycklig lönerevision.csproj", "{861F4A43-32D5-47E1-BD00-E1A6BFF8AF50}"
EndProject
Global
	GlobalSection(SolutionConfigurationPlatforms) = preSolution
		Debug|Any CPU = Debug|Any CPU
		Release|Any CPU = Release|Any CPU
	EndGlobalSection
	GlobalSection(ProjectConfigurationPlatforms) = postSolution
		{861F4A43-32D5-47E1-BD00-E1A6BFF8AF50}.Debug|Any CPU.ActiveCfg = Debug|Any CPU
		{861F4A43-32D5-47E1-BD00-E1A6BFF8AF50}.Debug|Any CPU.Build.0 = Debug|Any CPU
		{861F4A43-32D5-47E1-BD00-E1A6BFF8AF50}.Release|Any CPU.ActiveCfg = Release|Any CPU
		{861F4A43-32D5-47E1-BD00-E1A6BFF8AF50}.Release|Any CPU.Build.0 = Release|Any CPU
	EndGlobalSection
	GlobalSection(SolutionProperties) = preSolution
		HideSolutionNode = FALSE
	EndGlobalSection
EndGlobal
